
Microsoft Visual Studio Solution File, Format Version 12.00
# Visual Studio Version 17
VisualStudioVersion = 17.0.32112.339
MinimumVisualStudioVersion = 10.0.40219.1
Project("{9A19103F-16F7-4668-BE54-9A1E7A4F7556}") = "Sandbox", "Sandbox\Sandbox.csproj", "{91BFBFB2-E312-4536-81C6-0753BD59573D}"
EndProject
Project("{9A19103F-16F7-4668-BE54-9A1E7A4F7556}") = "1-FB", "1-FB\1-FB.csproj", "{1A8EFF90-8F85-4826-A715-9A686EE78256}"
EndProject
Project("{9A19103F-16F7-4668-BE54-9A1E7A4F7556}") = "2-FB", "2-FB\2-FB.csproj", "{D3111CD6-4818-477D-804B-4977A313DAFE}"
EndProject
Project("{9A19103F-16F7-4668-BE54-9A1E7A4F7556}") = "3-FB", "3-FB\3-FB.csproj", "{93B0D0A2-A8C3-4582-8CB7-D89D52AD388C}"
EndProject
Project("{9A19103F-16F7-4668-BE54-9A1E7A4F7556}") = "Main-1-FB", "Main-1-FB\Main-1-FB.csproj", "{E0222F97-A15A-4BDE-9EAC-A96177025507}"
EndProject
Project("{9A19103F-16F7-4668-BE54-9A1E7A4F7556}") = "Main-2-FB", "Main-2-FB\Main-2-FB.csproj", "{588F0336-6B3B-4334-BF6D-A2914E442A23}"
EndProject
Project("{9A19103F-16F7-4668-BE54-9A1E7A4F7556}") = "Main-3-FB", "Main-3-FB\Main-3-FB.csproj", "{8D9B479F-76E7-474F-AD0F-D37374E61928}"
EndProject
Project("{9A19103F-16F7-4668-BE54-9A1E7A4F7556}") = "Main-4-FB", "Main-4-FB\Main-4-FB.csproj", "{BFE75338-0455-423E-8F1C-72F0A03E2348}"
EndProject
Project("{9A19103F-16F7-4668-BE54-9A1E7A4F7556}") = "4-FB", "4-FB\4-FB.csproj", "{0252E86E-78A7-4545-81D9-413DEC1C35B9}"
EndProject
Project("{FAE04EC0-301F-11D3-BF4B-00C04F79EFBC}") = "Main-5-FB", "Main-5-FB\Main-5-FB.csproj", "{E31F79C9-51B4-4A9A-8E3E-1431AEE0D458}"
EndProject
Project("{FAE04EC0-301F-11D3-BF4B-00C04F79EFBC}") = "5-FB", "5-FB\5-FB.csproj", "{5BBCD109-CA2A-4EB2-BE0E-61BCE29800E4}"
EndProject
Project("{FAE04EC0-301F-11D3-BF4B-00C04F79EFBC}") = "Main-6-FB", "Main-6-FB\Main-6-FB.csproj", "{48F2CED4-7030-4553-BD45-4112B05D0590}"
EndProject
Global
	GlobalSection(SolutionConfigurationPlatforms) = preSolution
		Debug|Any CPU = Debug|Any CPU
		Release|Any CPU = Release|Any CPU
	EndGlobalSection
	GlobalSection(ProjectConfigurationPlatforms) = postSolution
		{91BFBFB2-E312-4536-81C6-0753BD59573D}.Debug|Any CPU.ActiveCfg = Debug|Any CPU
		{91BFBFB2-E312-4536-81C6-0753BD59573D}.Debug|Any CPU.Build.0 = Debug|Any CPU
		{91BFBFB2-E312-4536-81C6-0753BD59573D}.Release|Any CPU.ActiveCfg = Release|Any CPU
		{91BFBFB2-E312-4536-81C6-0753BD59573D}.Release|Any CPU.Build.0 = Release|Any CPU
		{1A8EFF90-8F85-4826-A715-9A686EE78256}.Debug|Any CPU.ActiveCfg = Debug|Any CPU
		{1A8EFF90-8F85-4826-A715-9A686EE78256}.Debug|Any CPU.Build.0 = Debug|Any CPU
		{1A8EFF90-8F85-4826-A715-9A686EE78256}.Release|Any CPU.ActiveCfg = Release|Any CPU
		{1A8EFF90-8F85-4826-A715-9A686EE78256}.Release|Any CPU.Build.0 = Release|Any CPU
		{D3111CD6-4818-477D-804B-4977A313DAFE}.Debug|Any CPU.ActiveCfg = Debug|Any CPU
		{D3111CD6-4818-477D-804B-4977A313DAFE}.Debug|Any CPU.Build.0 = Debug|Any CPU
		{D3111CD6-4818-477D-804B-4977A313DAFE}.Release|Any CPU.ActiveCfg = Release|Any CPU
		{D3111CD6-4818-477D-804B-4977A313DAFE}.Release|Any CPU.Build.0 = Release|Any CPU
		{93B0D0A2-A8C3-4582-8CB7-D89D52AD388C}.Debug|Any CPU.ActiveCfg = Debug|Any CPU
		{93B0D0A2-A8C3-4582-8CB7-D89D52AD388C}.Debug|Any CPU.Build.0 = Debug|Any CPU
		{93B0D0A2-A8C3-4582-8CB7-D89D52AD388C}.Release|Any CPU.ActiveCfg = Release|Any CPU
		{93B0D0A2-A8C3-4582-8CB7-D89D52AD388C}.Release|Any CPU.Build.0 = Release|Any CPU
		{E0222F97-A15A-4BDE-9EAC-A96177025507}.Debug|Any CPU.ActiveCfg = Debug|Any CPU
		{E0222F97-A15A-4BDE-9EAC-A96177025507}.Debug|Any CPU.Build.0 = Debug|Any CPU
		{E0222F97-A15A-4BDE-9EAC-A96177025507}.Release|Any CPU.ActiveCfg = Release|Any CPU
		{E0222F97-A15A-4BDE-9EAC-A96177025507}.Release|Any CPU.Build.0 = Release|Any CPU
		{588F0336-6B3B-4334-BF6D-A2914E442A23}.Debug|Any CPU.ActiveCfg = Debug|Any CPU
		{588F0336-6B3B-4334-BF6D-A2914E442A23}.Debug|Any CPU.Build.0 = Debug|Any CPU
		{588F0336-6B3B-4334-BF6D-A2914E442A23}.Release|Any CPU.ActiveCfg = Release|Any CPU
		{588F0336-6B3B-4334-BF6D-A2914E442A23}.Release|Any CPU.Build.0 = Release|Any CPU
		{8D9B479F-76E7-474F-AD0F-D37374E61928}.Debug|Any CPU.ActiveCfg = Debug|Any CPU
		{8D9B479F-76E7-474F-AD0F-D37374E61928}.Debug|Any CPU.Build.0 = Debug|Any CPU
		{8D9B479F-76E7-474F-AD0F-D37374E61928}.Release|Any CPU.ActiveCfg = Release|Any CPU
		{8D9B479F-76E7-474F-AD0F-D37374E61928}.Release|Any CPU.Build.0 = Release|Any CPU
		{BFE75338-0455-423E-8F1C-72F0A03E2348}.Debug|Any CPU.ActiveCfg = Debug|Any CPU
		{BFE75338-0455-423E-8F1C-72F0A03E2348}.Debug|Any CPU.Build.0 = Debug|Any CPU
		{BFE75338-0455-423E-8F1C-72F0A03E2348}.Release|Any CPU.ActiveCfg = Release|Any CPU
		{BFE75338-0455-423E-8F1C-72F0A03E2348}.Release|Any CPU.Build.0 = Release|Any CPU
		{0252E86E-78A7-4545-81D9-413DEC1C35B9}.Debug|Any CPU.ActiveCfg = Debug|Any CPU
		{0252E86E-78A7-4545-81D9-413DEC1C35B9}.Debug|Any CPU.Build.0 = Debug|Any CPU
		{0252E86E-78A7-4545-81D9-413DEC1C35B9}.Release|Any CPU.ActiveCfg = Release|Any CPU
		{0252E86E-78A7-4545-81D9-413DEC1C35B9}.Release|Any CPU.Build.0 = Release|Any CPU
		{E31F79C9-51B4-4A9A-8E3E-1431AEE0D458}.Debug|Any CPU.ActiveCfg = Debug|Any CPU
		{E31F79C9-51B4-4A9A-8E3E-1431AEE0D458}.Debug|Any CPU.Build.0 = Debug|Any CPU
		{E31F79C9-51B4-4A9A-8E3E-1431AEE0D458}.Release|Any CPU.ActiveCfg = Release|Any CPU
		{E31F79C9-51B4-4A9A-8E3E-1431AEE0D458}.Release|Any CPU.Build.0 = Release|Any CPU
		{5BBCD109-CA2A-4EB2-BE0E-61BCE29800E4}.Debug|Any CPU.ActiveCfg = Debug|Any CPU
		{5BBCD109-CA2A-4EB2-BE0E-61BCE29800E4}.Debug|Any CPU.Build.0 = Debug|Any CPU
		{5BBCD109-CA2A-4EB2-BE0E-61BCE29800E4}.Release|Any CPU.ActiveCfg = Release|Any CPU
		{5BBCD109-CA2A-4EB2-BE0E-61BCE29800E4}.Release|Any CPU.Build.0 = Release|Any CPU
		{48F2CED4-7030-4553-BD45-4112B05D0590}.Debug|Any CPU.ActiveCfg = Debug|Any CPU
		{48F2CED4-7030-4553-BD45-4112B05D0590}.Debug|Any CPU.Build.0 = Debug|Any CPU
		{48F2CED4-7030-4553-BD45-4112B05D0590}.Release|Any CPU.ActiveCfg = Release|Any CPU
		{48F2CED4-7030-4553-BD45-4112B05D0590}.Release|Any CPU.Build.0 = Release|Any CPU
	EndGlobalSection
	GlobalSection(SolutionProperties) = preSolution
		HideSolutionNode = FALSE
	EndGlobalSection
	GlobalSection(ExtensibilityGlobals) = postSolution
		SolutionGuid = {B63F882F-2FC3-4C1F-85EA-832202E565D4}
	EndGlobalSection
EndGlobal
